{
  "name": "faqmd",
  "version": "1.0.0",
  "lockfileVersion": 3,
  "requires": true,
  "packages": {
    "": {
      "name": "faqmd",
      "version": "1.0.0",
      "dependencies": {
        "@retroachievements/api": "^1.0.0"
      }
    },
    "node_modules/@retroachievements/api": {
      "version": "1.5.3",
      "resolved": "https://registry.npmjs.org/@retroachievements/api/-/api-1.5.3.tgz",
      "integrity": "sha512-16+PuNooiIDIfll30jIhu6RnIMS6VQ1hqM6Odq2XpF4EPL5zAhlDm0FUj/eitpUVyWjuDLEdGT8km2jvsyx6bQ==",
      "license": "MIT",
      "engines": {
        "node": ">=16"
      }
    }
  }
}
